// !$*UTF8*$!
{
	archiveVersion = 1;
	classes = {
	};
	objectVersion = 46;
	objects = {

/* Begin PBXBuildFile section */
		11CC61A71A5A7CAA00FF7079 /* AppDelegate.swift in Sources */ = {isa = PBXBuildFile; fileRef = 11CC61A61A5A7CAA00FF7079 /* AppDelegate.swift */; };
		11CC61AC1A5A7CAA00FF7079 /* Main.storyboard in Resources */ = {isa = PBXBuildFile; fileRef = 11CC61AA1A5A7CAA00FF7079 /* Main.storyboard */; };
		11CC61AE1A5A7CAA00FF7079 /* Images.xcassets in Resources */ = {isa = PBXBuildFile; fileRef = 11CC61AD1A5A7CAA00FF7079 /* Images.xcassets */; };
		11CC61BD1A5A7CAB00FF7079 /* ZenExchangeTests.swift in Sources */ = {isa = PBXBuildFile; fileRef = 11CC61BC1A5A7CAB00FF7079 /* ZenExchangeTests.swift */; };
		11CC61C71A5A7DF000FF7079 /* Default-568h@2x.png in Resources */ = {isa = PBXBuildFile; fileRef = 11CC61C61A5A7DF000FF7079 /* Default-568h@2x.png */; };
		11CC61D61A5A82C800FF7079 /* MainViewController.swift in Sources */ = {isa = PBXBuildFile; fileRef = 11CC61D51A5A82C800FF7079 /* MainViewController.swift */; };
		11CC61D81A5ACA1800FF7079 /* Attribution in Resources */ = {isa = PBXBuildFile; fileRef = 11CC61D71A5ACA1800FF7079 /* Attribution */; };
		11CC61DB1A5AE34100FF7079 /* SwiftyJSON.swift in Sources */ = {isa = PBXBuildFile; fileRef = 11CC61DA1A5AE34100FF7079 /* SwiftyJSON.swift */; };
		11DCB5D51A5C079600A6A3AE /* bgmusic.mp3 in Resources */ = {isa = PBXBuildFile; fileRef = 11DCB5D41A5C079600A6A3AE /* bgmusic.mp3 */; };
		11ED1CA11A5BF56900138859 /* AVFoundation.framework in Frameworks */ = {isa = PBXBuildFile; fileRef = 11ED1CA01A5BF56900138859 /* AVFoundation.framework */; };
/* End PBXBuildFile section */

/* Begin PBXContainerItemProxy section */
		11CC61B71A5A7CAA00FF7079 /* PBXContainerItemProxy */ = {
			isa = PBXContainerItemProxy;
			containerPortal = 11CC61991A5A7CAA00FF7079 /* Project object */;
			proxyType = 1;
			remoteGlobalIDString = 11CC61A01A5A7CAA00FF7079;
			remoteInfo = ZenExchange;
		};
/* End PBXContainerItemProxy section */

/* Begin PBXFileReference section */
		11CC61A11A5A7CAA00FF7079 /* ZenExchange.app */ = {isa = PBXFileReference; explicitFileType = wrapper.application; includeInIndex = 0; path = ZenExchange.app; sourceTree = BUILT_PRODUCTS_DIR; };
		11CC61A51A5A7CAA00FF7079 /* Info.plist */ = {isa = PBXFileReference; lastKnownFileType = text.plist.xml; path = Info.plist; sourceTree = "<group>"; };
		11CC61A61A5A7CAA00FF7079 /* AppDelegate.swift */ = {isa = PBXFileReference; lastKnownFileType = sourcecode.swift; path = AppDelegate.swift; sourceTree = "<group>"; };
		11CC61AB1A5A7CAA00FF7079 /* Base */ = {isa = PBXFileReference; lastKnownFileType = file.storyboard; name = Base; path = Base.lproj/Main.storyboard; sourceTree = "<group>"; };
		11CC61AD1A5A7CAA00FF7079 /* Images.xcassets */ = {isa = PBXFileReference; lastKnownFileType = folder.assetcatalog; path = Images.xcassets; sourceTree = "<group>"; };
		11CC61B61A5A7CAA00FF7079 /* ZenExchangeTests.xctest */ = {isa = PBXFileReference; explicitFileType = wrapper.cfbundle; includeInIndex = 0; path = ZenExchangeTests.xctest; sourceTree = BUILT_PRODUCTS_DIR; };
		11CC61BB1A5A7CAB00FF7079 /* Info.plist */ = {isa = PBXFileReference; lastKnownFileType = text.plist.xml; path = Info.plist; sourceTree = "<group>"; };
		11CC61BC1A5A7CAB00FF7079 /* ZenExchangeTests.swift */ = {isa = PBXFileReference; lastKnownFileType = sourcecode.swift; path = ZenExchangeTests.swift; sourceTree = "<group>"; };
		11CC61C61A5A7DF000FF7079 /* Default-568h@2x.png */ = {isa = PBXFileReference; lastKnownFileType = image.png; name = "Default-568h@2x.png"; path = "../Default-568h@2x.png"; sourceTree = "<group>"; };
		11CC61D51A5A82C800FF7079 /* MainViewController.swift */ = {isa = PBXFileReference; fileEncoding = 4; lastKnownFileType = sourcecode.swift; path = MainViewController.swift; sourceTree = "<group>"; };
		11CC61D71A5ACA1800FF7079 /* Attribution */ = {isa = PBXFileReference; fileEncoding = 4; lastKnownFileType = text; path = Attribution; sourceTree = "<group>"; };
		11CC61DA1A5AE34100FF7079 /* SwiftyJSON.swift */ = {isa = PBXFileReference; fileEncoding = 4; lastKnownFileType = sourcecode.swift; path = SwiftyJSON.swift; sourceTree = "<group>"; };
		11DCB5D41A5C079600A6A3AE /* bgmusic.mp3 */ = {isa = PBXFileReference; lastKnownFileType = audio.mp3; path = bgmusic.mp3; sourceTree = "<group>"; };
		11ED1CA01A5BF56900138859 /* AVFoundation.framework */ = {isa = PBXFileReference; lastKnownFileType = wrapper.framework; name = AVFoundation.framework; path = System/Library/Frameworks/AVFoundation.framework; sourceTree = SDKROOT; };
/* End PBXFileReference section */

/* Begin PBXFrameworksBuildPhase section */
		11CC619E1A5A7CAA00FF7079 /* Frameworks */ = {
			isa = PBXFrameworksBuildPhase;
			buildActionMask = 2147483647;
			files = (
				11ED1CA11A5BF56900138859 /* AVFoundation.framework in Frameworks */,
			);
			runOnlyForDeploymentPostprocessing = 0;
		};
		11CC61B31A5A7CAA00FF7079 /* Frameworks */ = {
			isa = PBXFrameworksBuildPhase;
			buildActionMask = 2147483647;
			files = (
			);
			runOnlyForDeploymentPostprocessing = 0;
		};
/* End PBXFrameworksBuildPhase section */

/* Begin PBXGroup section */
		11CC61981A5A7CAA00FF7079 = {
			isa = PBXGroup;
			children = (
				11CC61A31A5A7CAA00FF7079 /* ZenExchange */,
				11CC61B91A5A7CAA00FF7079 /* ZenExchangeTests */,
				11CC61A21A5A7CAA00FF7079 /* Products */,
			);
			sourceTree = "<group>";
		};
		11CC61A21A5A7CAA00FF7079 /* Products */ = {
			isa = PBXGroup;
			children = (
				11CC61A11A5A7CAA00FF7079 /* ZenExchange.app */,
				11CC61B61A5A7CAA00FF7079 /* ZenExchangeTests.xctest */,
			);
			name = Products;
			sourceTree = "<group>";
		};
		11CC61A31A5A7CAA00FF7079 /* ZenExchange */ = {
			isa = PBXGroup;
			children = (
				11CC61CB1A5A7F9200FF7079 /* Classes */,
				11DCB5D61A5C0A3300A6A3AE /* Frameworks */,
				11CC61C81A5A7E0500FF7079 /* Resources */,
				11CC61A41A5A7CAA00FF7079 /* Supporting Files */,
			);
			path = ZenExchange;
			sourceTree = "<group>";
		};
		11CC61A41A5A7CAA00FF7079 /* Supporting Files */ = {
			isa = PBXGroup;
			children = (
				11CC61A51A5A7CAA00FF7079 /* Info.plist */,
			);
			name = "Supporting Files";
			sourceTree = "<group>";
		};
		11CC61B91A5A7CAA00FF7079 /* ZenExchangeTests */ = {
			isa = PBXGroup;
			children = (
				11CC61BC1A5A7CAB00FF7079 /* ZenExchangeTests.swift */,
				11CC61BA1A5A7CAB00FF7079 /* Supporting Files */,
			);
			path = ZenExchangeTests;
			sourceTree = "<group>";
		};
		11CC61BA1A5A7CAB00FF7079 /* Supporting Files */ = {
			isa = PBXGroup;
			children = (
				11CC61BB1A5A7CAB00FF7079 /* Info.plist */,
			);
			name = "Supporting Files";
			sourceTree = "<group>";
		};
		11CC61C81A5A7E0500FF7079 /* Resources */ = {
			isa = PBXGroup;
			children = (
				11CC61D71A5ACA1800FF7079 /* Attribution */,
				11CC61CD1A5A7FBA00FF7079 /* Images */,
				11CC61CE1A5A7FC100FF7079 /* NIBs */,
				11CC61CF1A5A7FF300FF7079 /* Sounds */,
			);
			name = Resources;
			sourceTree = "<group>";
		};
		11CC61CB1A5A7F9200FF7079 /* Classes */ = {
			isa = PBXGroup;
			children = (
				11CC61D01A5A801700FF7079 /* AppDelegate */,
				11CC61CC1A5A7F9C00FF7079 /* Controllers */,
				11CC61D91A5ADF1400FF7079 /* Utils */,
			);
			name = Classes;
			sourceTree = "<group>";
		};
		11CC61CC1A5A7F9C00FF7079 /* Controllers */ = {
			isa = PBXGroup;
			children = (
				11CC61D51A5A82C800FF7079 /* MainViewController.swift */,
			);
			name = Controllers;
			sourceTree = "<group>";
		};
		11CC61CD1A5A7FBA00FF7079 /* Images */ = {
			isa = PBXGroup;
			children = (
				11CC61C61A5A7DF000FF7079 /* Default-568h@2x.png */,
				11CC61AD1A5A7CAA00FF7079 /* Images.xcassets */,
			);
			name = Images;
			sourceTree = "<group>";
		};
		11CC61CE1A5A7FC100FF7079 /* NIBs */ = {
			isa = PBXGroup;
			children = (
				11CC61AA1A5A7CAA00FF7079 /* Main.storyboard */,
			);
			name = NIBs;
			sourceTree = "<group>";
		};
		11CC61CF1A5A7FF300FF7079 /* Sounds */ = {
			isa = PBXGroup;
			children = (
				11DCB5D41A5C079600A6A3AE /* bgmusic.mp3 */,
			);
			name = Sounds;
			sourceTree = "<group>";
		};
		11CC61D01A5A801700FF7079 /* AppDelegate */ = {
			isa = PBXGroup;
			children = (
				11CC61A61A5A7CAA00FF7079 /* AppDelegate.swift */,
			);
			name = AppDelegate;
			sourceTree = "<group>";
		};
		11CC61D91A5ADF1400FF7079 /* Utils */ = {
			isa = PBXGroup;
			children = (
				11CC61DA1A5AE34100FF7079 /* SwiftyJSON.swift */,
			);
			name = Utils;
			sourceTree = "<group>";
		};
		11DCB5D61A5C0A3300A6A3AE /* Frameworks */ = {
			isa = PBXGroup;
			children = (
				11ED1CA01A5BF56900138859 /* AVFoundation.framework */,
			);
			name = Frameworks;
			sourceTree = "<group>";
		};
/* End PBXGroup section */

/* Begin PBXNativeTarget section */
		11CC61A01A5A7CAA00FF7079 /* ZenExchange */ = {
			isa = PBXNativeTarget;
			buildConfigurationList = 11CC61C01A5A7CAB00FF7079 /* Build configuration list for PBXNativeTarget "ZenExchange" */;
			buildPhases = (
				11CC619D1A5A7CAA00FF7079 /* Sources */,
				11CC619E1A5A7CAA00FF7079 /* Frameworks */,
				11CC619F1A5A7CAA00FF7079 /* Resources */,
			);
			buildRules = (
			);
			dependencies = (
			);
			name = ZenExchange;
			productName = ZenExchange;
			productReference = 11CC61A11A5A7CAA00FF7079 /* ZenExchange.app */;
			productType = "com.apple.product-type.application";
		};
		11CC61B51A5A7CAA00FF7079 /* ZenExchangeTests */ = {
			isa = PBXNativeTarget;
			buildConfigurationList = 11CC61C31A5A7CAB00FF7079 /* Build configuration list for PBXNativeTarget "ZenExchangeTests" */;
			buildPhases = (
				11CC61B21A5A7CAA00FF7079 /* Sources */,
				11CC61B31A5A7CAA00FF7079 /* Frameworks */,
				11CC61B41A5A7CAA00FF7079 /* Resources */,
			);
			buildRules = (
			);
			dependencies = (
				11CC61B81A5A7CAA00FF7079 /* PBXTargetDependency */,
			);
			name = ZenExchangeTests;
			productName = ZenExchangeTests;
			productReference = 11CC61B61A5A7CAA00FF7079 /* ZenExchangeTests.xctest */;
			productType = "com.apple.product-type.bundle.unit-test";
		};
/* End PBXNativeTarget section */

/* Begin PBXProject section */
		11CC61991A5A7CAA00FF7079 /* Project object */ = {
			isa = PBXProject;
			attributes = {
				LastUpgradeCheck = 0610;
				ORGANIZATIONNAME = "Alexander Tovstonozhenko";
				TargetAttributes = {
					11CC61A01A5A7CAA00FF7079 = {
						CreatedOnToolsVersion = 6.1.1;
					};
					11CC61B51A5A7CAA00FF7079 = {
						CreatedOnToolsVersion = 6.1.1;
						TestTargetID = 11CC61A01A5A7CAA00FF7079;
					};
				};
			};
			buildConfigurationList = 11CC619C1A5A7CAA00FF7079 /* Build configuration list for PBXProject "ZenExchange" */;
			compatibilityVersion = "Xcode 3.2";
			developmentRegion = English;
			hasScannedForEncodings = 0;
			knownRegions = (
				en,
				Base,
			);
			mainGroup = 11CC61981A5A7CAA00FF7079;
			productRefGroup = 11CC61A21A5A7CAA00FF7079 /* Products */;
			projectDirPath = "";
			projectRoot = "";
			targets = (
				11CC61A01A5A7CAA00FF7079 /* ZenExchange */,
				11CC61B51A5A7CAA00FF7079 /* ZenExchangeTests */,
			);
		};
/* End PBXProject section */

/* Begin PBXResourcesBuildPhase section */
		11CC619F1A5A7CAA00FF7079 /* Resources */ = {
			isa = PBXResourcesBuildPhase;
			buildActionMask = 2147483647;
			files = (
				11CC61D81A5ACA1800FF7079 /* Attribution in Resources */,
				11CC61AC1A5A7CAA00FF7079 /* Main.storyboard in Resources */,
				11DCB5D51A5C079600A6A3AE /* bgmusic.mp3 in Resources */,
				11CC61C71A5A7DF000FF7079 /* Default-568h@2x.png in Resources */,
				11CC61AE1A5A7CAA00FF7079 /* Images.xcassets in Resources */,
			);
			runOnlyForDeploymentPostprocessing = 0;
		};
		11CC61B41A5A7CAA00FF7079 /* Resources */ = {
			isa = PBXResourcesBuildPhase;
			buildActionMask = 2147483647;
			files = (
			);
			runOnlyForDeploymentPostprocessing = 0;
		};
/* End PBXResourcesBuildPhase section */

/* Begin PBXSourcesBuildPhase section */
		11CC619D1A5A7CAA00FF7079 /* Sources */ = {
			isa = PBXSourcesBuildPhase;
			buildActionMask = 2147483647;
			files = (
				11CC61DB1A5AE34100FF7079 /* SwiftyJSON.swift in Sources */,
				11CC61A71A5A7CAA00FF7079 /* AppDelegate.swift in Sources */,
				11CC61D61A5A82C800FF7079 /* MainViewController.swift in Sources */,
			);
			runOnlyForDeploymentPostprocessing = 0;
		};
		11CC61B21A5A7CAA00FF7079 /* Sources */ = {
			isa = PBXSourcesBuildPhase;
			buildActionMask = 2147483647;
			files = (
				11CC61BD1A5A7CAB00FF7079 /* ZenExchangeTests.swift in Sources */,
			);
			runOnlyForDeploymentPostprocessing = 0;
		};
/* End PBXSourcesBuildPhase section */

/* Begin PBXTargetDependency section */
		11CC61B81A5A7CAA00FF7079 /* PBXTargetDependency */ = {
			isa = PBXTargetDependency;
			target = 11CC61A01A5A7CAA00FF7079 /* ZenExchange */;
			targetProxy = 11CC61B71A5A7CAA00FF7079 /* PBXContainerItemProxy */;
		};
/* End PBXTargetDependency section */

/* Begin PBXVariantGroup section */
		11CC61AA1A5A7CAA00FF7079 /* Main.storyboard */ = {
			isa = PBXVariantGroup;
			children = (
				11CC61AB1A5A7CAA00FF7079 /* Base */,
			);
			name = Main.storyboard;
			sourceTree = "<group>";
		};
/* End PBXVariantGroup section */

/* Begin XCBuildConfiguration section */
		11CC61BE1A5A7CAB00FF7079 /* Debug */ = {
			isa = XCBuildConfiguration;
			buildSettings = {
				ALWAYS_SEARCH_USER_PATHS = NO;
				CLANG_CXX_LANGUAGE_STANDARD = "gnu++0x";
				CLANG_CXX_LIBRARY = "libc++";
				CLANG_ENABLE_MODULES = YES;
				CLANG_ENABLE_OBJC_ARC = YES;
				CLANG_WARN_BOOL_CONVERSION = YES;
				CLANG_WARN_CONSTANT_CONVERSION = YES;
				CLANG_WARN_DIRECT_OBJC_ISA_USAGE = YES_ERROR;
				CLANG_WARN_EMPTY_BODY = YES;
				CLANG_WARN_ENUM_CONVERSION = YES;
				CLANG_WARN_INT_CONVERSION = YES;
				CLANG_WARN_OBJC_ROOT_CLASS = YES_ERROR;
				CLANG_WARN_UNREACHABLE_CODE = YES;
				CLANG_WARN__DUPLICATE_METHOD_MATCH = YES;
				"CODE_SIGN_IDENTITY[sdk=iphoneos*]" = "iPhone Developer";
				COPY_PHASE_STRIP = NO;
				ENABLE_STRICT_OBJC_MSGSEND = YES;
				GCC_C_LANGUAGE_STANDARD = gnu99;
				GCC_DYNAMIC_NO_PIC = NO;
				GCC_OPTIMIZATION_LEVEL = 0;
				GCC_PREPROCESSOR_DEFINITIONS = (
					"DEBUG=1",
					"$(inherited)",
				);
				GCC_SYMBOLS_PRIVATE_EXTERN = NO;
				GCC_WARN_64_TO_32_BIT_CONVERSION = YES;
				GCC_WARN_ABOUT_RETURN_TYPE = YES_ERROR;
				GCC_WARN_UNDECLARED_SELECTOR = YES;
				GCC_WARN_UNINITIALIZED_AUTOS = YES_AGGRESSIVE;
				GCC_WARN_UNUSED_FUNCTION = YES;
				GCC_WARN_UNUSED_VARIABLE = YES;
				IPHONEOS_DEPLOYMENT_TARGET = 8.1;
				MTL_ENABLE_DEBUG_INFO = YES;
				ONLY_ACTIVE_ARCH = YES;
				SDKROOT = iphoneos;
				SWIFT_OPTIMIZATION_LEVEL = "-Onone";
				TARGETED_DEVICE_FAMILY = "1,2";
			};
			name = Debug;
		};
		11CC61BF1A5A7CAB00FF7079 /* Release */ = {
			isa = XCBuildConfiguration;
			buildSettings = {
				ALWAYS_SEARCH_USER_PATHS = NO;
				CLANG_CXX_LANGUAGE_STANDARD = "gnu++0x";
				CLANG_CXX_LIBRARY = "libc++";
				CLANG_ENABLE_MODULES = YES;
				CLANG_ENABLE_OBJC_ARC = YES;
				CLANG_WARN_BOOL_CONVERSION = YES;
				CLANG_WARN_CONSTANT_CONVERSION = YES;
				CLANG_WARN_DIRECT_OBJC_ISA_USAGE = YES_ERROR;
				CLANG_WARN_EMPTY_BODY = YES;
				CLANG_WARN_ENUM_CONVERSION = YES;
				CLANG_WARN_INT_CONVERSION = YES;
				CLANG_WARN_OBJC_ROOT_CLASS = YES_ERROR;
				CLANG_WARN_UNREACHABLE_CODE = YES;
				CLANG_WARN__DUPLICATE_METHOD_MATCH = YES;
				"CODE_SIGN_IDENTITY[sdk=iphoneos*]" = "iPhone Developer";
				COPY_PHASE_STRIP = YES;
				ENABLE_NS_ASSERTIONS = NO;
				ENABLE_STRICT_OBJC_MSGSEND = YES;
				GCC_C_LANGUAGE_STANDARD = gnu99;
				GCC_WARN_64_TO_32_BIT_CONVERSION = YES;
				GCC_WARN_ABOUT_RETURN_TYPE = YES_ERROR;
				GCC_WARN_UNDECLARED_SELECTOR = YES;
				GCC_WARN_UNINITIALIZED_AUTOS = YES_AGGRESSIVE;
				GCC_WARN_UNUSED_FUNCTION = YES;
				GCC_WARN_UNUSED_VARIABLE = YES;
				IPHONEOS_DEPLOYMENT_TARGET = 8.1;
				MTL_ENABLE_DEBUG_INFO = NO;
				SDKROOT = iphoneos;
				TARGETED_DEVICE_FAMILY = "1,2";
				VALIDATE_PRODUCT = YES;
			};
			name = Release;
		};
		11CC61C11A5A7CAB00FF7079 /* Debug */ = {
			isa = XCBuildConfiguration;
			buildSettings = {
				ASSETCATALOG_COMPILER_APPICON_NAME = AppIcon;
				INFOPLIST_FILE = ZenExchange/Info.plist;
				LD_RUNPATH_SEARCH_PATHS = "$(inherited) @executable_path/Frameworks";
				PRODUCT_NAME = "$(TARGET_NAME)";
			};
			name = Debug;
		};
		11CC61C21A5A7CAB00FF7079 /* Release */ = {
			isa = XCBuildConfiguration;
			buildSettings = {
				ASSETCATALOG_COMPILER_APPICON_NAME = AppIcon;
				INFOPLIST_FILE = ZenExchange/Info.plist;
				LD_RUNPATH_SEARCH_PATHS = "$(inherited) @executable_path/Frameworks";
				PRODUCT_NAME = "$(TARGET_NAME)";
			};
			name = Release;
		};
		11CC61C41A5A7CAB00FF7079 /* Debug */ = {
			isa = XCBuildConfiguration;
			buildSettings = {
				BUNDLE_LOADER = "$(TEST_HOST)";
				FRAMEWORK_SEARCH_PATHS = (
					"$(SDKROOT)/Developer/Library/Frameworks",
					"$(inherited)",
				);
				GCC_PREPROCESSOR_DEFINITIONS = (
					"DEBUG=1",
					"$(inherited)",
				);
				INFOPLIST_FILE = ZenExchangeTests/Info.plist;
				LD_RUNPATH_SEARCH_PATHS = "$(inherited) @executable_path/Frameworks @loader_path/Frameworks";
				PRODUCT_NAME = "$(TARGET_NAME)";
				TEST_HOST = "$(BUILT_PRODUCTS_DIR)/ZenExchange.app/ZenExchange";
			};
			name = Debug;
		};
		11CC61C51A5A7CAB00FF7079 /* Release */ = {
			isa = XCBuildConfiguration;
			buildSettings = {
				BUNDLE_LOADER = "$(TEST_HOST)";
				FRAMEWORK_SEARCH_PATHS = (
					"$(SDKROOT)/Developer/Library/Frameworks",
					"$(inherited)",
				);
				INFOPLIST_FILE = ZenExchangeTests/Info.plist;
				LD_RUNPATH_SEARCH_PATHS = "$(inherited) @executable_path/Frameworks @loader_path/Frameworks";
				PRODUCT_NAME = "$(TARGET_NAME)";
				TEST_HOST = "$(BUILT_PRODUCTS_DIR)/ZenExchange.app/ZenExchange";
			};
			name = Release;
		};
/* End XCBuildConfiguration section */

/* Begin XCConfigurationList section */
		11CC619C1A5A7CAA00FF7079 /* Build configuration list for PBXProject "ZenExchange" */ = {
			isa = XCConfigurationList;
			buildConfigurations = (
				11CC61BE1A5A7CAB00FF7079 /* Debug */,
				11CC61BF1A5A7CAB00FF7079 /* Release */,
			);
			defaultConfigurationIsVisible = 0;
			defaultConfigurationName = Release;
		};
		11CC61C01A5A7CAB00FF7079 /* Build configuration list for PBXNativeTarget "ZenExchange" */ = {
			isa = XCConfigurationList;
			buildConfigurations = (
				11CC61C11A5A7CAB00FF7079 /* Debug */,
				11CC61C21A5A7CAB00FF7079 /* Release */,
			);
			defaultConfigurationIsVisible = 0;
			defaultConfigurationName = Release;
		};
		11CC61C31A5A7CAB00FF7079 /* Build configuration list for PBXNativeTarget "ZenExchangeTests" */ = {
			isa = XCConfigurationList;
			buildConfigurations = (
				11CC61C41A5A7CAB00FF7079 /* Debug */,
				11CC61C51A5A7CAB00FF7079 /* Release */,
			);
			defaultConfigurationIsVisible = 0;
			defaultConfigurationName = Release;
		};
/* End XCConfigurationList section */
	};
	rootObject = 11CC61991A5A7CAA00FF7079 /* Project object */;
}
